
Microsoft Visual Studio Solution File, Format Version 12.00
# Visual Studio Version 17
VisualStudioVersion = 17.0.31903.59
MinimumVisualStudioVersion = 10.0.40219.1
Project("{2150E333-8FDC-42A3-9474-1A3956D46DE8}") = "backend", "backend", "{C7FE04A1-7922-4121-A494-2959853BC8C1}"
EndProject
Project("{2150E333-8FDC-42A3-9474-1A3956D46DE8}") = "src", "src", "{F3075375-6AFB-47B0-976A-C51311EBE210}"
EndProject
Project("{FAE04EC0-301F-11D3-BF4B-00C04F79EFBC}") = "RushOrder.Domain", "backend\src\RushOrder.Domain\RushOrder.Domain.csproj", "{F9E69144-FD8C-4F95-B885-E805A8593197}"
EndProject
Project("{FAE04EC0-301F-11D3-BF4B-00C04F79EFBC}") = "RushOrder.Application", "backend\src\RushOrder.Application\RushOrder.Application.csproj", "{58C49210-6696-45BE-A5BA-25FA27E416A7}"
EndProject
Project("{FAE04EC0-301F-11D3-BF4B-00C04F79EFBC}") = "RushOrder.Infrastructure", "backend\src\RushOrder.Infrastructure\RushOrder.Infrastructure.csproj", "{3D58484E-CE9E-4C0E-97BA-2932F4C9D84C}"
EndProject
Project("{FAE04EC0-301F-11D3-BF4B-00C04F79EFBC}") = "RushOrder.API", "backend\src\RushOrder.API\RushOrder.API.csproj", "{8E10507E-02FF-4BC3-8CDA-DC65A2856844}"
EndProject
Project("{2150E333-8FDC-42A3-9474-1A3956D46DE8}") = "tests", "tests", "{0C626480-8E70-4DFA-9072-54FB3901B114}"
EndProject
Project("{FAE04EC0-301F-11D3-BF4B-00C04F79EFBC}") = "RushOrder.Domain.Tests", "backend\tests\RushOrder.Domain.Tests\RushOrder.Domain.Tests.csproj", "{B61BE89B-3F84-4747-8864-08DF548992F1}"
EndProject
Project("{FAE04EC0-301F-11D3-BF4B-00C04F79EFBC}") = "RushOrder.Application.Tests", "backend\tests\RushOrder.Application.Tests\RushOrder.Application.Tests.csproj", "{F9A686A1-0236-4AF9-9620-5644E995E62D}"
EndProject
Project("{FAE04EC0-301F-11D3-BF4B-00C04F79EFBC}") = "RushOrder.API.IntegrationTests", "backend\tests\RushOrder.API.IntegrationTests\RushOrder.API.IntegrationTests.csproj", "{542AF5E1-8A33-40A0-A1EE-6E46EF6ECF67}"
EndProject
Project("{2150E333-8FDC-42A3-9474-1A3956D46DE8}") = "desktop", "desktop", "{8A8225F7-0B8A-4CA7-A36E-E5474498F448}"
EndProject
Project("{2150E333-8FDC-42A3-9474-1A3956D46DE8}") = "src", "src", "{EFBBFA95-5433-47AF-BEB9-D79AFF5D956F}"
EndProject
Project("{FAE04EC0-301F-11D3-BF4B-00C04F79EFBC}") = "RushOrder.Desktop.Core", "desktop\src\RushOrder.Desktop.Core\RushOrder.Desktop.Core.csproj", "{C81FEC09-10B5-4CEF-B8DF-6DDBEE0C3145}"
EndProject
Project("{FAE04EC0-301F-11D3-BF4B-00C04F79EFBC}") = "RushOrder.Desktop", "desktop\src\RushOrder.Desktop\RushOrder.Desktop.csproj", "{FDDD162A-E664-4EEF-8F2F-142605EF1F9D}"
EndProject
Global
	GlobalSection(SolutionConfigurationPlatforms) = preSolution
		Debug|Any CPU = Debug|Any CPU
		Release|Any CPU = Release|Any CPU
	EndGlobalSection
	GlobalSection(SolutionProperties) = preSolution
		HideSolutionNode = FALSE
	EndGlobalSection
	GlobalSection(ProjectConfigurationPlatforms) = postSolution
		{F9E69144-FD8C-4F95-B885-E805A8593197}.Debug|Any CPU.ActiveCfg = Debug|Any CPU
		{F9E69144-FD8C-4F95-B885-E805A8593197}.Debug|Any CPU.Build.0 = Debug|Any CPU
		{F9E69144-FD8C-4F95-B885-E805A8593197}.Release|Any CPU.ActiveCfg = Release|Any CPU
		{F9E69144-FD8C-4F95-B885-E805A8593197}.Release|Any CPU.Build.0 = Release|Any CPU
		{58C49210-6696-45BE-A5BA-25FA27E416A7}.Debug|Any CPU.ActiveCfg = Debug|Any CPU
		{58C49210-6696-45BE-A5BA-25FA27E416A7}.Debug|Any CPU.Build.0 = Debug|Any CPU
		{58C49210-6696-45BE-A5BA-25FA27E416A7}.Release|Any CPU.ActiveCfg = Release|Any CPU
		{58C49210-6696-45BE-A5BA-25FA27E416A7}.Release|Any CPU.Build.0 = Release|Any CPU
		{3D58484E-CE9E-4C0E-97BA-2932F4C9D84C}.Debug|Any CPU.ActiveCfg = Debug|Any CPU
		{3D58484E-CE9E-4C0E-97BA-2932F4C9D84C}.Debug|Any CPU.Build.0 = Debug|Any CPU
		{3D58484E-CE9E-4C0E-97BA-2932F4C9D84C}.Release|Any CPU.ActiveCfg = Release|Any CPU
		{3D58484E-CE9E-4C0E-97BA-2932F4C9D84C}.Release|Any CPU.Build.0 = Release|Any CPU
		{8E10507E-02FF-4BC3-8CDA-DC65A2856844}.Debug|Any CPU.ActiveCfg = Debug|Any CPU
		{8E10507E-02FF-4BC3-8CDA-DC65A2856844}.Debug|Any CPU.Build.0 = Debug|Any CPU
		{8E10507E-02FF-4BC3-8CDA-DC65A2856844}.Release|Any CPU.ActiveCfg = Release|Any CPU
		{8E10507E-02FF-4BC3-8CDA-DC65A2856844}.Release|Any CPU.Build.0 = Release|Any CPU
		{B61BE89B-3F84-4747-8864-08DF548992F1}.Debug|Any CPU.ActiveCfg = Debug|Any CPU
		{B61BE89B-3F84-4747-8864-08DF548992F1}.Debug|Any CPU.Build.0 = Debug|Any CPU
		{B61BE89B-3F84-4747-8864-08DF548992F1}.Release|Any CPU.ActiveCfg = Release|Any CPU
		{B61BE89B-3F84-4747-8864-08DF548992F1}.Release|Any CPU.Build.0 = Release|Any CPU
		{F9A686A1-0236-4AF9-9620-5644E995E62D}.Debug|Any CPU.ActiveCfg = Debug|Any CPU
		{F9A686A1-0236-4AF9-9620-5644E995E62D}.Debug|Any CPU.Build.0 = Debug|Any CPU
		{F9A686A1-0236-4AF9-9620-5644E995E62D}.Release|Any CPU.ActiveCfg = Release|Any CPU
		{F9A686A1-0236-4AF9-9620-5644E995E62D}.Release|Any CPU.Build.0 = Release|Any CPU
		{542AF5E1-8A33-40A0-A1EE-6E46EF6ECF67}.Debug|Any CPU.ActiveCfg = Debug|Any CPU
		{542AF5E1-8A33-40A0-A1EE-6E46EF6ECF67}.Debug|Any CPU.Build.0 = Debug|Any CPU
		{542AF5E1-8A33-40A0-A1EE-6E46EF6ECF67}.Release|Any CPU.ActiveCfg = Release|Any CPU
		{542AF5E1-8A33-40A0-A1EE-6E46EF6ECF67}.Release|Any CPU.Build.0 = Release|Any CPU
		{C81FEC09-10B5-4CEF-B8DF-6DDBEE0C3145}.Debug|Any CPU.ActiveCfg = Debug|Any CPU
		{C81FEC09-10B5-4CEF-B8DF-6DDBEE0C3145}.Debug|Any CPU.Build.0 = Debug|Any CPU
		{C81FEC09-10B5-4CEF-B8DF-6DDBEE0C3145}.Release|Any CPU.ActiveCfg = Release|Any CPU
		{C81FEC09-10B5-4CEF-B8DF-6DDBEE0C3145}.Release|Any CPU.Build.0 = Release|Any CPU
		{FDDD162A-E664-4EEF-8F2F-142605EF1F9D}.Debug|Any CPU.ActiveCfg = Debug|Any CPU
		{FDDD162A-E664-4EEF-8F2F-142605EF1F9D}.Debug|Any CPU.Build.0 = Debug|Any CPU
		{FDDD162A-E664-4EEF-8F2F-142605EF1F9D}.Release|Any CPU.ActiveCfg = Release|Any CPU
		{FDDD162A-E664-4EEF-8F2F-142605EF1F9D}.Release|Any CPU.Build.0 = Release|Any CPU
	EndGlobalSection
	GlobalSection(NestedProjects) = preSolution
		{F3075375-6AFB-47B0-976A-C51311EBE210} = {C7FE04A1-7922-4121-A494-2959853BC8C1}
		{F9E69144-FD8C-4F95-B885-E805A8593197} = {F3075375-6AFB-47B0-976A-C51311EBE210}
		{58C49210-6696-45BE-A5BA-25FA27E416A7} = {F3075375-6AFB-47B0-976A-C51311EBE210}
		{3D58484E-CE9E-4C0E-97BA-2932F4C9D84C} = {F3075375-6AFB-47B0-976A-C51311EBE210}
		{8E10507E-02FF-4BC3-8CDA-DC65A2856844} = {F3075375-6AFB-47B0-976A-C51311EBE210}
		{0C626480-8E70-4DFA-9072-54FB3901B114} = {C7FE04A1-7922-4121-A494-2959853BC8C1}
		{B61BE89B-3F84-4747-8864-08DF548992F1} = {0C626480-8E70-4DFA-9072-54FB3901B114}
		{F9A686A1-0236-4AF9-9620-5644E995E62D} = {0C626480-8E70-4DFA-9072-54FB3901B114}
		{542AF5E1-8A33-40A0-A1EE-6E46EF6ECF67} = {0C626480-8E70-4DFA-9072-54FB3901B114}
		{EFBBFA95-5433-47AF-BEB9-D79AFF5D956F} = {8A8225F7-0B8A-4CA7-A36E-E5474498F448}
		{C81FEC09-10B5-4CEF-B8DF-6DDBEE0C3145} = {EFBBFA95-5433-47AF-BEB9-D79AFF5D956F}
		{FDDD162A-E664-4EEF-8F2F-142605EF1F9D} = {EFBBFA95-5433-47AF-BEB9-D79AFF5D956F}
	EndGlobalSection
EndGlobal
